// !$*UTF8*$!
{
	archiveVersion = 1;
	classes = {
	};
	objectVersion = 48;
	objects = {

/* Begin PBXBuildFile section */
		BB130145212FBD8000365AB4 /* AppDelegate.swift in Sources */ = {isa = PBXBuildFile; fileRef = BB130144212FBD8000365AB4 /* AppDelegate.swift */; };
		BB130147212FBD8000365AB4 /* ViewController.swift in Sources */ = {isa = PBXBuildFile; fileRef = BB130146212FBD8000365AB4 /* ViewController.swift */; };
		BB13014A212FBD8000365AB4 /* Main.storyboard in Resources */ = {isa = PBXBuildFile; fileRef = BB130148212FBD8000365AB4 /* Main.storyboard */; };
		BB13014D212FBD8000365AB4 /* Firebase_swift_4.xcdatamodeld in Sources */ = {isa = PBXBuildFile; fileRef = BB13014B212FBD8000365AB4 /* Firebase_swift_4.xcdatamodeld */; };
		BB13014F212FBD8000365AB4 /* Assets.xcassets in Resources */ = {isa = PBXBuildFile; fileRef = BB13014E212FBD8000365AB4 /* Assets.xcassets */; };
		BB130152212FBD8000365AB4 /* LaunchScreen.storyboard in Resources */ = {isa = PBXBuildFile; fileRef = BB130150212FBD8000365AB4 /* LaunchScreen.storyboard */; };
/* End PBXBuildFile section */

/* Begin PBXFileReference section */
		BB130141212FBD7F00365AB4 /* Firebase swift 4.app */ = {isa = PBXFileReference; explicitFileType = wrapper.application; includeInIndex = 0; path = "Firebase swift 4.app"; sourceTree = BUILT_PRODUCTS_DIR; };
		BB130144212FBD8000365AB4 /* AppDelegate.swift */ = {isa = PBXFileReference; lastKnownFileType = sourcecode.swift; path = AppDelegate.swift; sourceTree = "<group>"; };
		BB130146212FBD8000365AB4 /* ViewController.swift */ = {isa = PBXFileReference; lastKnownFileType = sourcecode.swift; path = ViewController.swift; sourceTree = "<group>"; };
		BB130149212FBD8000365AB4 /* Base */ = {isa = PBXFileReference; lastKnownFileType = file.storyboard; name = Base; path = Base.lproj/Main.storyboard; sourceTree = "<group>"; };
		BB13014C212FBD8000365AB4 /* Firebase_swift_4.xcdatamodel */ = {isa = PBXFileReference; lastKnownFileType = wrapper.xcdatamodel; path = Firebase_swift_4.xcdatamodel; sourceTree = "<group>"; };
		BB13014E212FBD8000365AB4 /* Assets.xcassets */ = {isa = PBXFileReference; lastKnownFileType = folder.assetcatalog; path = Assets.xcassets; sourceTree = "<group>"; };
		BB130151212FBD8000365AB4 /* Base */ = {isa = PBXFileReference; lastKnownFileType = file.storyboard; name = Base; path = Base.lproj/LaunchScreen.storyboard; sourceTree = "<group>"; };
		BB130153212FBD8000365AB4 /* Info.plist */ = {isa = PBXFileReference; lastKnownFileType = text.plist.xml; path = Info.plist; sourceTree = "<group>"; };
/* End PBXFileReference section */

/* Begin PBXFrameworksBuildPhase section */
		BB13013E212FBD7F00365AB4 /* Frameworks */ = {
			isa = PBXFrameworksBuildPhase;
			buildActionMask = 2147483647;
			files = (
			);
			runOnlyForDeploymentPostprocessing = 0;
		};
/* End PBXFrameworksBuildPhase section */

/* Begin PBXGroup section */
		BB130138212FBD7F00365AB4 = {
			isa = PBXGroup;
			children = (
				BB130143212FBD8000365AB4 /* Firebase swift 4 */,
				BB130142212FBD7F00365AB4 /* Products */,
			);
			sourceTree = "<group>";
		};
		BB130142212FBD7F00365AB4 /* Products */ = {
			isa = PBXGroup;
			children = (
				BB130141212FBD7F00365AB4 /* Firebase swift 4.app */,
			);
			name = Products;
			sourceTree = "<group>";
		};
		BB130143212FBD8000365AB4 /* Firebase swift 4 */ = {
			isa = PBXGroup;
			children = (
				BB130144212FBD8000365AB4 /* AppDelegate.swift */,
				BB130146212FBD8000365AB4 /* ViewController.swift */,
				BB130148212FBD8000365AB4 /* Main.storyboard */,
				BB13014E212FBD8000365AB4 /* Assets.xcassets */,
				BB130150212FBD8000365AB4 /* LaunchScreen.storyboard */,
				BB130153212FBD8000365AB4 /* Info.plist */,
				BB13014B212FBD8000365AB4 /* Firebase_swift_4.xcdatamodeld */,
			);
			path = "Firebase swift 4";
			sourceTree = "<group>";
		};
/* End PBXGroup section */

/* Begin PBXNativeTarget section */
		BB130140212FBD7F00365AB4 /* Firebase swift 4 */ = {
			isa = PBXNativeTarget;
			buildConfigurationList = BB130156212FBD8000365AB4 /* Build configuration list for PBXNativeTarget "Firebase swift 4" */;
			buildPhases = (
				BB13013D212FBD7F00365AB4 /* Sources */,
				BB13013E212FBD7F00365AB4 /* Frameworks */,
				BB13013F212FBD7F00365AB4 /* Resources */,
			);
			buildRules = (
			);
			dependencies = (
			);
			name = "Firebase swift 4";
			productName = "Firebase swift 4";
			productReference = BB130141212FBD7F00365AB4 /* Firebase swift 4.app */;
			productType = "com.apple.product-type.application";
		};
/* End PBXNativeTarget section */

/* Begin PBXProject section */
		BB130139212FBD7F00365AB4 /* Project object */ = {
			isa = PBXProject;
			attributes = {
				LastSwiftUpdateCheck = 0920;
				LastUpgradeCheck = 0920;
				ORGANIZATIONNAME = ZidniRyi;
				TargetAttributes = {
					BB130140212FBD7F00365AB4 = {
						CreatedOnToolsVersion = 9.2;
						ProvisioningStyle = Automatic;
					};
				};
			};
			buildConfigurationList = BB13013C212FBD7F00365AB4 /* Build configuration list for PBXProject "Firebase swift 4" */;
			compatibilityVersion = "Xcode 8.0";
			developmentRegion = en;
			hasScannedForEncodings = 0;
			knownRegions = (
				en,
				Base,
			);
			mainGroup = BB130138212FBD7F00365AB4;
			productRefGroup = BB130142212FBD7F00365AB4 /* Products */;
			projectDirPath = "";
			projectRoot = "";
			targets = (
				BB130140212FBD7F00365AB4 /* Firebase swift 4 */,
			);
		};
/* End PBXProject section */

/* Begin PBXResourcesBuildPhase section */
		BB13013F212FBD7F00365AB4 /* Resources */ = {
			isa = PBXResourcesBuildPhase;
			buildActionMask = 2147483647;
			files = (
				BB130152212FBD8000365AB4 /* LaunchScreen.storyboard in Resources */,
				BB13014F212FBD8000365AB4 /* Assets.xcassets in Resources */,
				BB13014A212FBD8000365AB4 /* Main.storyboard in Resources */,
			);
			runOnlyForDeploymentPostprocessing = 0;
		};
/* End PBXResourcesBuildPhase section */

/* Begin PBXSourcesBuildPhase section */
		BB13013D212FBD7F00365AB4 /* Sources */ = {
			isa = PBXSourcesBuildPhase;
			buildActionMask = 2147483647;
			files = (
				BB130147212FBD8000365AB4 /* ViewController.swift in Sources */,
				BB13014D212FBD8000365AB4 /* Firebase_swift_4.xcdatamodeld in Sources */,
				BB130145212FBD8000365AB4 /* AppDelegate.swift in Sources */,
			);
			runOnlyForDeploymentPostprocessing = 0;
		};
/* End PBXSourcesBuildPhase section */

/* Begin PBXVariantGroup section */
		BB130148212FBD8000365AB4 /* Main.storyboard */ = {
			isa = PBXVariantGroup;
			children = (
				BB130149212FBD8000365AB4 /* Base */,
			);
			name = Main.storyboard;
			sourceTree = "<group>";
		};
		BB130150212FBD8000365AB4 /* LaunchScreen.storyboard */ = {
			isa = PBXVariantGroup;
			children = (
				BB130151212FBD8000365AB4 /* Base */,
			);
			name = LaunchScreen.storyboard;
			sourceTree = "<group>";
		};
/* End PBXVariantGroup section */

/* Begin XCBuildConfiguration section */
		BB130154212FBD8000365AB4 /* Debug */ = {
			isa = XCBuildConfiguration;
			buildSettings = {
				ALWAYS_SEARCH_USER_PATHS = NO;
				CLANG_ANALYZER_NONNULL = YES;
				CLANG_ANALYZER_NUMBER_OBJECT_CONVERSION = YES_AGGRESSIVE;
				CLANG_CXX_LANGUAGE_STANDARD = "gnu++14";
				CLANG_CXX_LIBRARY = "libc++";
				CLANG_ENABLE_MODULES = YES;
				CLANG_ENABLE_OBJC_ARC = YES;
				CLANG_WARN_BLOCK_CAPTURE_AUTORELEASING = YES;
				CLANG_WARN_BOOL_CONVERSION = YES;
				CLANG_WARN_COMMA = YES;
				CLANG_WARN_CONSTANT_CONVERSION = YES;
				CLANG_WARN_DIRECT_OBJC_ISA_USAGE = YES_ERROR;
				CLANG_WARN_DOCUMENTATION_COMMENTS = YES;
				CLANG_WARN_EMPTY_BODY = YES;
				CLANG_WARN_ENUM_CONVERSION = YES;
				CLANG_WARN_INFINITE_RECURSION = YES;
				CLANG_WARN_INT_CONVERSION = YES;
				CLANG_WARN_NON_LITERAL_NULL_CONVERSION = YES;
				CLANG_WARN_OBJC_LITERAL_CONVERSION = YES;
				CLANG_WARN_OBJC_ROOT_CLASS = YES_ERROR;
				CLANG_WARN_RANGE_LOOP_ANALYSIS = YES;
				CLANG_WARN_STRICT_PROTOTYPES = YES;
				CLANG_WARN_SUSPICIOUS_MOVE = YES;
				CLANG_WARN_UNGUARDED_AVAILABILITY = YES_AGGRESSIVE;
				CLANG_WARN_UNREACHABLE_CODE = YES;
				CLANG_WARN__DUPLICATE_METHOD_MATCH = YES;
				CODE_SIGN_IDENTITY = "iPhone Developer";
				COPY_PHASE_STRIP = NO;
				DEBUG_INFORMATION_FORMAT = dwarf;
				ENABLE_STRICT_OBJC_MSGSEND = YES;
				ENABLE_TESTABILITY = YES;
				GCC_C_LANGUAGE_STANDARD = gnu11;
				GCC_DYNAMIC_NO_PIC = NO;
				GCC_NO_COMMON_BLOCKS = YES;
				GCC_OPTIMIZATION_LEVEL = 0;
				GCC_PREPROCESSOR_DEFINITIONS = (
					"DEBUG=1",
					"$(inherited)",
				);
				GCC_WARN_64_TO_32_BIT_CONVERSION = YES;
				GCC_WARN_ABOUT_RETURN_TYPE = YES_ERROR;
				GCC_WARN_UNDECLARED_SELECTOR = YES;
				GCC_WARN_UNINITIALIZED_AUTOS = YES_AGGRESSIVE;
				GCC_WARN_UNUSED_FUNCTION = YES;
				GCC_WARN_UNUSED_VARIABLE = YES;
				IPHONEOS_DEPLOYMENT_TARGET = 11.2;
				MTL_ENABLE_DEBUG_INFO = YES;
				ONLY_ACTIVE_ARCH = YES;
				SDKROOT = iphoneos;
				SWIFT_ACTIVE_COMPILATION_CONDITIONS = DEBUG;
				SWIFT_OPTIMIZATION_LEVEL = "-Onone";
			};
			name = Debug;
		};
		BB130155212FBD8000365AB4 /* Release */ = {
			isa = XCBuildConfiguration;
			buildSettings = {
				ALWAYS_SEARCH_USER_PATHS = NO;
				CLANG_ANALYZER_NONNULL = YES;
				CLANG_ANALYZER_NUMBER_OBJECT_CONVERSION = YES_AGGRESSIVE;
				CLANG_CXX_LANGUAGE_STANDARD = "gnu++14";
				CLANG_CXX_LIBRARY = "libc++";
				CLANG_ENABLE_MODULES = YES;
				CLANG_ENABLE_OBJC_ARC = YES;
				CLANG_WARN_BLOCK_CAPTURE_AUTORELEASING = YES;
				CLANG_WARN_BOOL_CONVERSION = YES;
				CLANG_WARN_COMMA = YES;
				CLANG_WARN_CONSTANT_CONVERSION = YES;
				CLANG_WARN_DIRECT_OBJC_ISA_USAGE = YES_ERROR;
				CLANG_WARN_DOCUMENTATION_COMMENTS = YES;
				CLANG_WARN_EMPTY_BODY = YES;
				CLANG_WARN_ENUM_CONVERSION = YES;
				CLANG_WARN_INFINITE_RECURSION = YES;
				CLANG_WARN_INT_CONVERSION = YES;
				CLANG_WARN_NON_LITERAL_NULL_CONVERSION = YES;
				CLANG_WARN_OBJC_LITERAL_CONVERSION = YES;
				CLANG_WARN_OBJC_ROOT_CLASS = YES_ERROR;
				CLANG_WARN_RANGE_LOOP_ANALYSIS = YES;
				CLANG_WARN_STRICT_PROTOTYPES = YES;
				CLANG_WARN_SUSPICIOUS_MOVE = YES;
				CLANG_WARN_UNGUARDED_AVAILABILITY = YES_AGGRESSIVE;
				CLANG_WARN_UNREACHABLE_CODE = YES;
				CLANG_WARN__DUPLICATE_METHOD_MATCH = YES;
				CODE_SIGN_IDENTITY = "iPhone Developer";
				COPY_PHASE_STRIP = NO;
				DEBUG_INFORMATION_FORMAT = "dwarf-with-dsym";
				ENABLE_NS_ASSERTIONS = NO;
				ENABLE_STRICT_OBJC_MSGSEND = YES;
				GCC_C_LANGUAGE_STANDARD = gnu11;
				GCC_NO_COMMON_BLOCKS = YES;
				GCC_WARN_64_TO_32_BIT_CONVERSION = YES;
				GCC_WARN_ABOUT_RETURN_TYPE = YES_ERROR;
				GCC_WARN_UNDECLARED_SELECTOR = YES;
				GCC_WARN_UNINITIALIZED_AUTOS = YES_AGGRESSIVE;
				GCC_WARN_UNUSED_FUNCTION = YES;
				GCC_WARN_UNUSED_VARIABLE = YES;
				IPHONEOS_DEPLOYMENT_TARGET = 11.2;
				MTL_ENABLE_DEBUG_INFO = NO;
				SDKROOT = iphoneos;
				SWIFT_OPTIMIZATION_LEVEL = "-Owholemodule";
				VALIDATE_PRODUCT = YES;
			};
			name = Release;
		};
		BB130157212FBD8000365AB4 /* Debug */ = {
			isa = XCBuildConfiguration;
			buildSettings = {
				ASSETCATALOG_COMPILER_APPICON_NAME = AppIcon;
				CODE_SIGN_STYLE = Automatic;
				DEVELOPMENT_TEAM = 879P4K449F;
				INFOPLIST_FILE = "Firebase swift 4/Info.plist";
				LD_RUNPATH_SEARCH_PATHS = "$(inherited) @executable_path/Frameworks";
				PRODUCT_BUNDLE_IDENTIFIER = "id.slametriyadi.Firebase-swift-4";
				PRODUCT_NAME = "$(TARGET_NAME)";
				SWIFT_VERSION = 4.0;
				TARGETED_DEVICE_FAMILY = "1,2";
			};
			name = Debug;
		};
		BB130158212FBD8000365AB4 /* Release */ = {
			isa = XCBuildConfiguration;
			buildSettings = {
				ASSETCATALOG_COMPILER_APPICON_NAME = AppIcon;
				CODE_SIGN_STYLE = Automatic;
				DEVELOPMENT_TEAM = 879P4K449F;
				INFOPLIST_FILE = "Firebase swift 4/Info.plist";
				LD_RUNPATH_SEARCH_PATHS = "$(inherited) @executable_path/Frameworks";
				PRODUCT_BUNDLE_IDENTIFIER = "id.slametriyadi.Firebase-swift-4";
				PRODUCT_NAME = "$(TARGET_NAME)";
				SWIFT_VERSION = 4.0;
				TARGETED_DEVICE_FAMILY = "1,2";
			};
			name = Release;
		};
/* End XCBuildConfiguration section */

/* Begin XCConfigurationList section */
		BB13013C212FBD7F00365AB4 /* Build configuration list for PBXProject "Firebase swift 4" */ = {
			isa = XCConfigurationList;
			buildConfigurations = (
				BB130154212FBD8000365AB4 /* Debug */,
				BB130155212FBD8000365AB4 /* Release */,
			);
			defaultConfigurationIsVisible = 0;
			defaultConfigurationName = Release;
		};
		BB130156212FBD8000365AB4 /* Build configuration list for PBXNativeTarget "Firebase swift 4" */ = {
			isa = XCConfigurationList;
			buildConfigurations = (
				BB130157212FBD8000365AB4 /* Debug */,
				BB130158212FBD8000365AB4 /* Release */,
			);
			defaultConfigurationIsVisible = 0;
			defaultConfigurationName = Release;
		};
/* End XCConfigurationList section */

/* Begin XCVersionGroup section */
		BB13014B212FBD8000365AB4 /* Firebase_swift_4.xcdatamodeld */ = {
			isa = XCVersionGroup;
			children = (
				BB13014C212FBD8000365AB4 /* Firebase_swift_4.xcdatamodel */,
			);
			currentVersion = BB13014C212FBD8000365AB4 /* Firebase_swift_4.xcdatamodel */;
			path = Firebase_swift_4.xcdatamodeld;
			sourceTree = "<group>";
			versionGroupType = wrapper.xcdatamodel;
		};
/* End XCVersionGroup section */
	};
	rootObject = BB130139212FBD7F00365AB4 /* Project object */;
}
